<?xml version="1.0" encoding="utf-8"?>
<Project ToolsVersion="4.0" xmlns="http://schemas.microsoft.com/developer/msbuild/2003">
  <ItemGroup>
    <Filter Include="Source Files">
      <UniqueIdentifier>{4FC737F1-C7A5-4376-A066-2A32D752A2FF}</UniqueIdentifier>
      <Extensions>cpp;c;cc;cxx;c++;cppm;ixx;def;odl;idl;hpj;bat;asm;asmx</Extensions>
    </Filter>
    <Filter Include="Header Files">
      <UniqueIdentifier>{93995380-89BD-4b04-88EB-625FBE52EBFB}</UniqueIdentifier>
      <Extensions>h;hh;hpp;hxx;h++;hm;inl;inc;ipp;xsd</Extensions>
    </Filter>
    <Filter Include="Resource Files">
      <UniqueIdentifier>{67DA6AB6-F800-4c08-8B7A-83BB121AAD01}</UniqueIdentifier>
      <Extensions>rc;ico;cur;bmp;dlg;rc2;rct;bin;rgs;gif;jpg;jpeg;jpe;resx;tiff;tif;png;wav;mfcribbon-ms</Extensions>
    </Filter>
    <Filter Include="Assets">
      <UniqueIdentifier>{25267534-8348-4106-9c5b-7f31cb5014a6}</UniqueIdentifier>
    </Filter>
    <Filter Include="Assets\Fonts">
      <UniqueIdentifier>{58f7999d-1f2f-4e88-a38a-1b2707046263}</UniqueIdentifier>
    </Filter>
    <Filter Include="Assets\Sounds">
      <UniqueIdentifier>{829f8cb5-b5a0-44ed-b639-a65031c055e2}</UniqueIdentifier>
    </Filter>
  </ItemGroup>
  <ItemGroup>
    <ClCompile Include="main.cpp">
      <Filter>Source Files</Filter>
    </ClCompile>
    <ClCompile Include="Terminal.cpp">
      <Filter>Source Files</Filter>
    </ClCompile>
    <ClCompile Include="TerminalRenderer.cpp">
      <Filter>Source Files</Filter>
    </ClCompile>
    <ClCompile Include="InputHandler.cpp">
      <Filter>Source Files</Filter>
    </ClCompile>
    <ClCompile Include="CommandManager.cpp">
      <Filter>Source Files</Filter>
    </ClCompile>
    <ClCompile Include="History.cpp">
      <Filter>Source Files</Filter>
    </ClCompile>
    <ClCompile Include="MoodManager.cpp">
      <Filter>Source Files</Filter>
    </ClCompile>
    <ClCompile Include="AnimationManager.cpp">
      <Filter>Source Files</Filter>
    </ClCompile>
    <ClCompile Include="AudioManager.cpp">
      <Filter>Source Files</Filter>
    </ClCompile>
  </ItemGroup>
  <ItemGroup>
    <Font Include="C:\Users\Noah\Downloads\JetBrainsMono-2.304\fonts\ttf\JetBrainsMono-ExtraBoldItalic.ttf">
      <Filter>Assets\Fonts</Filter>
    </Font>
    <Font Include="C:\Users\Noah\Downloads\JetBrainsMono-2.304\fonts\ttf\JetBrainsMono-ExtraLight.ttf">
      <Filter>Assets\Fonts</Filter>
    </Font>
    <Font Include="C:\Users\Noah\Downloads\JetBrainsMono-2.304\fonts\ttf\JetBrainsMono-MediumItalic.ttf">
      <Filter>Assets\Fonts</Filter>
    </Font>
    <Font Include="C:\Users\Noah\Downloads\JetBrainsMono-2.304\fonts\ttf\JetBrainsMonoNL-Bold.ttf">
      <Filter>Assets\Fonts</Filter>
    </Font>
    <Font Include="C:\Users\Noah\Downloads\JetBrainsMono-2.304\fonts\ttf\JetBrainsMonoNL-ExtraBoldItalic.ttf">
      <Filter>Assets\Fonts</Filter>
    </Font>
    <Font Include="C:\Users\Noah\Downloads\JetBrainsMono-2.304\fonts\ttf\JetBrainsMonoNL-Italic.ttf">
      <Filter>Assets\Fonts</Filter>
    </Font>
    <Font Include="C:\Users\Noah\Downloads\JetBrainsMono-2.304\fonts\ttf\JetBrainsMonoNL-Light.ttf">
      <Filter>Assets\Fonts</Filter>
    </Font>
    <Font Include="C:\Users\Noah\Downloads\JetBrainsMono-2.304\fonts\ttf\JetBrainsMonoNL-LightItalic.ttf">
      <Filter>Assets\Fonts</Filter>
    </Font>
    <Font Include="C:\Users\Noah\Downloads\JetBrainsMono-2.304\fonts\ttf\JetBrainsMonoNL-MediumItalic.ttf">
      <Filter>Assets\Fonts</Filter>
    </Font>
    <Font Include="C:\Users\Noah\Downloads\JetBrainsMono-2.304\fonts\ttf\JetBrainsMonoNL-Regular.ttf">
      <Filter>Assets\Fonts</Filter>
    </Font>
    <Font Include="C:\Users\Noah\Downloads\JetBrainsMono-2.304\fonts\ttf\JetBrainsMonoNL-SemiBold.ttf">
      <Filter>Assets\Fonts</Filter>
    </Font>
    <Font Include="C:\Users\Noah\Downloads\JetBrainsMono-2.304\fonts\ttf\JetBrainsMonoNL-SemiBoldItalic.ttf">
      <Filter>Assets\Fonts</Filter>
    </Font>
    <Font Include="C:\Users\Noah\Downloads\JetBrainsMono-2.304\fonts\ttf\JetBrainsMonoNL-ThinItalic.ttf">
      <Filter>Assets\Fonts</Filter>
    </Font>
    <Font Include="C:\Users\Noah\Downloads\JetBrainsMono-2.304\fonts\ttf\JetBrainsMono-SemiBold.ttf">
      <Filter>Assets\Fonts</Filter>
    </Font>
    <Font Include="C:\Users\Noah\Downloads\JetBrainsMono-2.304\fonts\ttf\JetBrainsMono-ThinItalic.ttf">
      <Filter>Assets\Fonts</Filter>
    </Font>
    <Font Include="C:\Users\Noah\Downloads\JetBrainsMono-2.304\fonts\ttf\JetBrainsMono-Bold.ttf">
      <Filter>Assets\Fonts</Filter>
    </Font>
    <Font Include="C:\Users\Noah\Downloads\JetBrainsMono-2.304\fonts\ttf\JetBrainsMono-BoldItalic.ttf">
      <Filter>Assets\Fonts</Filter>
    </Font>
    <Font Include="C:\Users\Noah\Downloads\JetBrainsMono-2.304\fonts\ttf\JetBrainsMono-ExtraBold.ttf">
      <Filter>Assets\Fonts</Filter>
    </Font>
    <Font Include="C:\Users\Noah\Downloads\JetBrainsMono-2.304\fonts\ttf\JetBrainsMono-ExtraLightItalic.ttf">
      <Filter>Assets\Fonts</Filter>
    </Font>
    <Font Include="C:\Users\Noah\Downloads\JetBrainsMono-2.304\fonts\ttf\JetBrainsMono-Italic.ttf">
      <Filter>Assets\Fonts</Filter>
    </Font>
    <Font Include="C:\Users\Noah\Downloads\JetBrainsMono-2.304\fonts\ttf\JetBrainsMono-Light.ttf">
      <Filter>Assets\Fonts</Filter>
    </Font>
    <Font Include="C:\Users\Noah\Downloads\JetBrainsMono-2.304\fonts\ttf\JetBrainsMono-LightItalic.ttf">
      <Filter>Assets\Fonts</Filter>
    </Font>
    <Font Include="C:\Users\Noah\Downloads\JetBrainsMono-2.304\fonts\ttf\JetBrainsMono-Medium.ttf">
      <Filter>Assets\Fonts</Filter>
    </Font>
    <Font Include="C:\Users\Noah\Downloads\JetBrainsMono-2.304\fonts\ttf\JetBrainsMonoNL-BoldItalic.ttf">
      <Filter>Assets\Fonts</Filter>
    </Font>
    <Font Include="C:\Users\Noah\Downloads\JetBrainsMono-2.304\fonts\ttf\JetBrainsMonoNL-ExtraBold.ttf">
      <Filter>Assets\Fonts</Filter>
    </Font>
    <Font Include="C:\Users\Noah\Downloads\JetBrainsMono-2.304\fonts\ttf\JetBrainsMonoNL-ExtraLight.ttf">
      <Filter>Assets\Fonts</Filter>
    </Font>
    <Font Include="C:\Users\Noah\Downloads\JetBrainsMono-2.304\fonts\ttf\JetBrainsMonoNL-ExtraLightItalic.ttf">
      <Filter>Assets\Fonts</Filter>
    </Font>
    <Font Include="C:\Users\Noah\Downloads\JetBrainsMono-2.304\fonts\ttf\JetBrainsMonoNL-Medium.ttf">
      <Filter>Assets\Fonts</Filter>
    </Font>
    <Font Include="C:\Users\Noah\Downloads\JetBrainsMono-2.304\fonts\ttf\JetBrainsMonoNL-Thin.ttf">
      <Filter>Assets\Fonts</Filter>
    </Font>
    <Font Include="C:\Users\Noah\Downloads\JetBrainsMono-2.304\fonts\ttf\JetBrainsMono-Regular.ttf">
      <Filter>Assets\Fonts</Filter>
    </Font>
    <Font Include="C:\Users\Noah\Downloads\JetBrainsMono-2.304\fonts\ttf\JetBrainsMono-SemiBoldItalic.ttf">
      <Filter>Assets\Fonts</Filter>
    </Font>
    <Font Include="C:\Users\Noah\Downloads\JetBrainsMono-2.304\fonts\ttf\JetBrainsMono-Thin.ttf">
      <Filter>Assets\Fonts</Filter>
    </Font>
    <Font Include="C:\Users\Noah\Downloads\Consolas\consolas.ttf">
      <Filter>Assets\Fonts</Filter>
    </Font>
  </ItemGroup>
  <ItemGroup>
    <ClInclude Include="Terminal.hpp">
      <Filter>Header Files</Filter>
    </ClInclude>
    <ClInclude Include="TerminalRenderer.hpp">
      <Filter>Header Files</Filter>
    </ClInclude>
    <ClInclude Include="InputHandler.hpp">
      <Filter>Header Files</Filter>
    </ClInclude>
    <ClInclude Include="CommandManager.hpp">
      <Filter>Header Files</Filter>
    </ClInclude>
    <ClInclude Include="History.hpp">
      <Filter>Header Files</Filter>
    </ClInclude>
    <ClInclude Include="MoodManager.hpp">
      <Filter>Header Files</Filter>
    </ClInclude>
    <ClInclude Include="AnimationManager.hpp">
      <Filter>Header Files</Filter>
    </ClInclude>
    <ClInclude Include="AudioManager.hpp">
      <Filter>Header Files</Filter>
    </ClInclude>
  </ItemGroup>
  <ItemGroup>
    <Media Include="C:\Users\Noah\Downloads\Error-Beep.wav">
      <Filter>Assets\Sounds</Filter>
    </Media>
    <Media Include="C:\Users\Noah\Downloads\Press Enter.wav">
      <Filter>Assets\Sounds</Filter>
    </Media>
    <Media Include="C:\Users\Noah\Downloads\Background Noise.wav">
      <Filter>Assets\Sounds</Filter>
    </Media>
    <Media Include="C:\Users\Noah\Downloads\Startup-Sound.wav">
      <Filter>Assets\Sounds</Filter>
    </Media>
    <Media Include="C:\Users\Noah\Downloads\Keyboard-Click.wav">
      <Filter>Assets\Sounds</Filter>
    </Media>
  </ItemGroup>
</Project>